
Microsoft Visual Studio Solution File, Format Version 12.00
# Visual Studio Version 17
VisualStudioVersion = 17.14.36429.23 d17.14
MinimumVisualStudioVersion = 10.0.40219.1
Project("{2150E333-8FDC-42A3-9474-1A3956D46DE8}") = "Elementos de la solución", "Elementos de la solución", "{D107F4C8-89CC-BEA8-D3D7-CA6B7733353D}"
	ProjectSection(SolutionItems) = preProject
		.editorconfig = .editorconfig
		.gitattributes = .gitattributes
		.gitignore = .gitignore
		LICENSE = LICENSE
		README.md = README.md
	EndProjectSection
EndProject
Project("{FAE04EC0-301F-11D3-BF4B-00C04F79EFBC}") = "ManageStudents.Infrastructure", "ManageStudents.Infrastructure\ManageStudents.Infrastructure.csproj", "{3F0CFF7C-797F-4792-BDC6-9AE9FCADD89F}"
EndProject
Project("{2150E333-8FDC-42A3-9474-1A3956D46DE8}") = "Presentation", "Presentation", "{02EA681E-C7D8-13C7-8484-4AC65E1B71E8}"
EndProject
Project("{FAE04EC0-301F-11D3-BF4B-00C04F79EFBC}") = "ManageStudents.API", "ManageStudents.API\ManageStudents.API.csproj", "{C29FE9E1-AAFE-4547-9548-298E343A5F0F}"
EndProject
Project("{FAE04EC0-301F-11D3-BF4B-00C04F79EFBC}") = "ManageStudents.Domain", "ManageStudents.Domain\ManageStudents.Domain.csproj", "{BB02B0DF-4956-42D8-9569-2966EC0B35DA}"
EndProject
Project("{FAE04EC0-301F-11D3-BF4B-00C04F79EFBC}") = "ManageStudents.Domain.Entities", "ManageStudents.Domain.Entities\ManageStudents.Domain.Entities.csproj", "{8565C5B6-7FAE-4E52-A263-CE68EBC08460}"
EndProject
Project("{FAE04EC0-301F-11D3-BF4B-00C04F79EFBC}") = "ManageStudents.Contracts", "ManageStudents.Contracts\ManageStudents.Contracts.csproj", "{6124C89B-9F94-49D2-A267-875039DEE482}"
EndProject
Project("{FAE04EC0-301F-11D3-BF4B-00C04F79EFBC}") = "ManageStudents.Tests", "ManageStudents.Tests\ManageStudents.Tests.csproj", "{91371B0C-8AE8-4A13-98C1-D3BE5C04893A}"
EndProject
Project("{FAE04EC0-301F-11D3-BF4B-00C04F79EFBC}") = "ManageStudents.Helpers", "ManageStudents.Helpers\ManageStudents.Helpers.csproj", "{EB312DEC-3FC7-4D2F-A567-B04FA1538C42}"
EndProject
Global
	GlobalSection(SolutionConfigurationPlatforms) = preSolution
		Debug|Any CPU = Debug|Any CPU
		Release|Any CPU = Release|Any CPU
	EndGlobalSection
	GlobalSection(ProjectConfigurationPlatforms) = postSolution
		{3F0CFF7C-797F-4792-BDC6-9AE9FCADD89F}.Debug|Any CPU.ActiveCfg = Debug|Any CPU
		{3F0CFF7C-797F-4792-BDC6-9AE9FCADD89F}.Debug|Any CPU.Build.0 = Debug|Any CPU
		{3F0CFF7C-797F-4792-BDC6-9AE9FCADD89F}.Release|Any CPU.ActiveCfg = Release|Any CPU
		{3F0CFF7C-797F-4792-BDC6-9AE9FCADD89F}.Release|Any CPU.Build.0 = Release|Any CPU
		{C29FE9E1-AAFE-4547-9548-298E343A5F0F}.Debug|Any CPU.ActiveCfg = Debug|Any CPU
		{C29FE9E1-AAFE-4547-9548-298E343A5F0F}.Debug|Any CPU.Build.0 = Debug|Any CPU
		{C29FE9E1-AAFE-4547-9548-298E343A5F0F}.Release|Any CPU.ActiveCfg = Release|Any CPU
		{C29FE9E1-AAFE-4547-9548-298E343A5F0F}.Release|Any CPU.Build.0 = Release|Any CPU
		{BB02B0DF-4956-42D8-9569-2966EC0B35DA}.Debug|Any CPU.ActiveCfg = Debug|Any CPU
		{BB02B0DF-4956-42D8-9569-2966EC0B35DA}.Debug|Any CPU.Build.0 = Debug|Any CPU
		{BB02B0DF-4956-42D8-9569-2966EC0B35DA}.Release|Any CPU.ActiveCfg = Release|Any CPU
		{BB02B0DF-4956-42D8-9569-2966EC0B35DA}.Release|Any CPU.Build.0 = Release|Any CPU
		{8565C5B6-7FAE-4E52-A263-CE68EBC08460}.Debug|Any CPU.ActiveCfg = Debug|Any CPU
		{8565C5B6-7FAE-4E52-A263-CE68EBC08460}.Debug|Any CPU.Build.0 = Debug|Any CPU
		{8565C5B6-7FAE-4E52-A263-CE68EBC08460}.Release|Any CPU.ActiveCfg = Release|Any CPU
		{8565C5B6-7FAE-4E52-A263-CE68EBC08460}.Release|Any CPU.Build.0 = Release|Any CPU
		{6124C89B-9F94-49D2-A267-875039DEE482}.Debug|Any CPU.ActiveCfg = Debug|Any CPU
		{6124C89B-9F94-49D2-A267-875039DEE482}.Debug|Any CPU.Build.0 = Debug|Any CPU
		{6124C89B-9F94-49D2-A267-875039DEE482}.Release|Any CPU.ActiveCfg = Release|Any CPU
		{6124C89B-9F94-49D2-A267-875039DEE482}.Release|Any CPU.Build.0 = Release|Any CPU
		{91371B0C-8AE8-4A13-98C1-D3BE5C04893A}.Debug|Any CPU.ActiveCfg = Debug|Any CPU
		{91371B0C-8AE8-4A13-98C1-D3BE5C04893A}.Debug|Any CPU.Build.0 = Debug|Any CPU
		{91371B0C-8AE8-4A13-98C1-D3BE5C04893A}.Release|Any CPU.ActiveCfg = Release|Any CPU
		{91371B0C-8AE8-4A13-98C1-D3BE5C04893A}.Release|Any CPU.Build.0 = Release|Any CPU
		{EB312DEC-3FC7-4D2F-A567-B04FA1538C42}.Debug|Any CPU.ActiveCfg = Debug|Any CPU
		{EB312DEC-3FC7-4D2F-A567-B04FA1538C42}.Debug|Any CPU.Build.0 = Debug|Any CPU
		{EB312DEC-3FC7-4D2F-A567-B04FA1538C42}.Release|Any CPU.ActiveCfg = Release|Any CPU
		{EB312DEC-3FC7-4D2F-A567-B04FA1538C42}.Release|Any CPU.Build.0 = Release|Any CPU
	EndGlobalSection
	GlobalSection(SolutionProperties) = preSolution
		HideSolutionNode = FALSE
	EndGlobalSection
	GlobalSection(NestedProjects) = preSolution
		{C29FE9E1-AAFE-4547-9548-298E343A5F0F} = {02EA681E-C7D8-13C7-8484-4AC65E1B71E8}
	EndGlobalSection
	GlobalSection(ExtensibilityGlobals) = postSolution
		SolutionGuid = {CBAA995F-3EC4-4467-924D-D141E674B72D}
	EndGlobalSection
EndGlobal
